{
  "originHash" : "50bd9f6b9b802f500cb9d6c124d576b56cc434810dbc7c2df0c0bb21f2e5d69e",
  "pins" : [
    {
      "identity" : "autoupdate",
      "kind" : "remoteSourceControl",
      "location" : "https://github.com/TopScrech/AutoUpdate",
      "state" : {
        "revision" : "f04ab453a5f515857958384ea512125ba6f21d9d",
        "version" : "1.2.2"
      }
    },
    {
      "identity" : "coresmc",
      "kind" : "remoteSourceControl",
      "location" : "https://github.com/TopScrech/CoreSMC",
      "state" : {
        "revision" : "6422f788899c10d5826e5ccc546176795499303d",
        "version" : "2.0.3"
      }
    },
    {
      "identity" : "launchatlogin",
      "kind" : "remoteSourceControl",
      "location" : "https://github.com/TopScrech/LaunchAtLogin",
      "state" : {
        "revision" : "9f11ba55ee0b5aba74e47287fcb44aaa7cb316b6",
        "version" : "1.0.1"
      }
    },
    {
      "identity" : "screchkit",
      "kind" : "remoteSourceControl",
      "location" : "https://github.com/TopScrech/ScrechKit",
      "state" : {
        "revision" : "bc5f6b5c251ae16c5d29a50a642ac95a9fe8d0e7",
        "version" : "1.0.10"
      }
    }
  ],
  "version" : 3
}
