{
  "originHash" : "50bd9f6b9b802f500cb9d6c124d576b56cc434810dbc7c2df0c0bb21f2e5d69e",
  "pins" : [
    {
      "identity" : "autoupdate",
      "kind" : "remoteSourceControl",
      "location" : "https://github.com/TopScrech/AutoUpdate",
      "state" : {
        "branch" : "main",
        "revision" : "9002d6ac279bf85ede1c3427d9309cc70ecdc857"
      }
    },
    {
      "identity" : "coresmc",
      "kind" : "remoteSourceControl",
      "location" : "https://github.com/TopScrech/CoreSMC",
      "state" : {
        "branch" : "main",
        "revision" : "ec410a46f47e605a47442dd281743cd51bc6ca22"
      }
    },
    {
      "identity" : "launchatlogin",
      "kind" : "remoteSourceControl",
      "location" : "https://github.com/TopScrech/LaunchAtLogin",
      "state" : {
        "branch" : "main",
        "revision" : "de46c95b812441c47eb2754c8bd10fc0ee2afa2e"
      }
    },
    {
      "identity" : "screchkit",
      "kind" : "remoteSourceControl",
      "location" : "https://github.com/TopScrech/ScrechKit",
      "state" : {
        "branch" : "main",
        "revision" : "98aa4363c5fe1e0617894a41baa9f297083fb5ac"
      }
    }
  ],
  "version" : 3
}
